
Microsoft Visual Studio Solution File, Format Version 12.00
# Visual Studio 14
VisualStudioVersion = 14.0.23107.0
MinimumVisualStudioVersion = 10.0.40219.1
Project("{FAE04EC0-301F-11D3-BF4B-00C04F79EFBC}") = "timerelay-daemon-1", "timerelay-daemon-1\timerelay-daemon-1.csproj", "{C9FD0F6F-3188-426D-8A8F-4E32BB357A16}"
EndProject
Project("{FAE04EC0-301F-11D3-BF4B-00C04F79EFBC}") = "temerelay-client-1", "temerelay-client-1\temerelay-client-1.csproj", "{57E35D08-F768-4BA9-8DD8-B5603E8D5095}"
EndProject
Project("{FAE04EC0-301F-11D3-BF4B-00C04F79EFBC}") = "ControlGUI", "ControlGUI\ControlGUI.csproj", "{9C058899-DCF6-41C3-ACBD-45CBD0073374}"
EndProject
Project("{FAE04EC0-301F-11D3-BF4B-00C04F79EFBC}") = "MultiTimer", "MultiTimer\MultiTimer.csproj", "{435E90A9-4ED2-4F5A-A2AB-70A482C997D6}"
	ProjectSection(ProjectDependencies) = postProject
		{D506425C-C10B-41C2-8412-221B4C6231C7} = {D506425C-C10B-41C2-8412-221B4C6231C7}
	EndProjectSection
EndProject
Project("{FAE04EC0-301F-11D3-BF4B-00C04F79EFBC}") = "UsbLibrary", "UsbLibrary\UsbLibrary.csproj", "{D506425C-C10B-41C2-8412-221B4C6231C7}"
EndProject
Project("{FAE04EC0-301F-11D3-BF4B-00C04F79EFBC}") = "USBInterface", "..\hidapi-csharp-bindings\USBInterface\USBInterface.csproj", "{30432D4A-0128-48E7-ADCD-249D70323611}"
EndProject
Project("{FAE04EC0-301F-11D3-BF4B-00C04F79EFBC}") = "USBInterfaceTest", "TestUSBInterface\USBInterfaceTest.csproj", "{E69C9EE3-BCA8-4E5D-8EFA-7EBD75B1087A}"
EndProject
Global
	GlobalSection(SolutionConfigurationPlatforms) = preSolution
		Debug|Any CPU = Debug|Any CPU
		Release|Any CPU = Release|Any CPU
	EndGlobalSection
	GlobalSection(ProjectConfigurationPlatforms) = postSolution
		{C9FD0F6F-3188-426D-8A8F-4E32BB357A16}.Debug|Any CPU.ActiveCfg = Debug|Any CPU
		{C9FD0F6F-3188-426D-8A8F-4E32BB357A16}.Debug|Any CPU.Build.0 = Debug|Any CPU
		{C9FD0F6F-3188-426D-8A8F-4E32BB357A16}.Release|Any CPU.ActiveCfg = Release|Any CPU
		{C9FD0F6F-3188-426D-8A8F-4E32BB357A16}.Release|Any CPU.Build.0 = Release|Any CPU
		{57E35D08-F768-4BA9-8DD8-B5603E8D5095}.Debug|Any CPU.ActiveCfg = Debug|Any CPU
		{57E35D08-F768-4BA9-8DD8-B5603E8D5095}.Debug|Any CPU.Build.0 = Debug|Any CPU
		{57E35D08-F768-4BA9-8DD8-B5603E8D5095}.Release|Any CPU.ActiveCfg = Release|Any CPU
		{57E35D08-F768-4BA9-8DD8-B5603E8D5095}.Release|Any CPU.Build.0 = Release|Any CPU
		{9C058899-DCF6-41C3-ACBD-45CBD0073374}.Debug|Any CPU.ActiveCfg = Debug|Any CPU
		{9C058899-DCF6-41C3-ACBD-45CBD0073374}.Debug|Any CPU.Build.0 = Debug|Any CPU
		{9C058899-DCF6-41C3-ACBD-45CBD0073374}.Release|Any CPU.ActiveCfg = Release|Any CPU
		{9C058899-DCF6-41C3-ACBD-45CBD0073374}.Release|Any CPU.Build.0 = Release|Any CPU
		{435E90A9-4ED2-4F5A-A2AB-70A482C997D6}.Debug|Any CPU.ActiveCfg = Debug|Any CPU
		{435E90A9-4ED2-4F5A-A2AB-70A482C997D6}.Debug|Any CPU.Build.0 = Debug|Any CPU
		{435E90A9-4ED2-4F5A-A2AB-70A482C997D6}.Release|Any CPU.ActiveCfg = Release|Any CPU
		{435E90A9-4ED2-4F5A-A2AB-70A482C997D6}.Release|Any CPU.Build.0 = Release|Any CPU
		{D506425C-C10B-41C2-8412-221B4C6231C7}.Debug|Any CPU.ActiveCfg = Debug|Any CPU
		{D506425C-C10B-41C2-8412-221B4C6231C7}.Debug|Any CPU.Build.0 = Debug|Any CPU
		{D506425C-C10B-41C2-8412-221B4C6231C7}.Release|Any CPU.ActiveCfg = Release|Any CPU
		{D506425C-C10B-41C2-8412-221B4C6231C7}.Release|Any CPU.Build.0 = Release|Any CPU
		{30432D4A-0128-48E7-ADCD-249D70323611}.Debug|Any CPU.ActiveCfg = Debug|Any CPU
		{30432D4A-0128-48E7-ADCD-249D70323611}.Debug|Any CPU.Build.0 = Debug|Any CPU
		{30432D4A-0128-48E7-ADCD-249D70323611}.Release|Any CPU.ActiveCfg = Release|Any CPU
		{30432D4A-0128-48E7-ADCD-249D70323611}.Release|Any CPU.Build.0 = Release|Any CPU
		{E69C9EE3-BCA8-4E5D-8EFA-7EBD75B1087A}.Debug|Any CPU.ActiveCfg = Debug|Any CPU
		{E69C9EE3-BCA8-4E5D-8EFA-7EBD75B1087A}.Debug|Any CPU.Build.0 = Debug|Any CPU
		{E69C9EE3-BCA8-4E5D-8EFA-7EBD75B1087A}.Release|Any CPU.ActiveCfg = Release|Any CPU
		{E69C9EE3-BCA8-4E5D-8EFA-7EBD75B1087A}.Release|Any CPU.Build.0 = Release|Any CPU
	EndGlobalSection
	GlobalSection(SolutionProperties) = preSolution
		HideSolutionNode = FALSE
	EndGlobalSection
EndGlobal
